
Microsoft Visual Studio Solution File, Format Version 12.00
# Visual Studio Version 17
VisualStudioVersion = 17.11.35312.102
MinimumVisualStudioVersion = 10.0.40219.1
Project("{FAE04EC0-301F-11D3-BF4B-00C04F79EFBC}") = "Chord_Identifier", "Chord_Identifier.csproj", "{59007AF3-3EBE-478A-AABA-E4B10527DCB0}"
EndProject
Global
	GlobalSection(SolutionConfigurationPlatforms) = preSolution
		Debug|Any CPU = Debug|Any CPU
		Release|Any CPU = Release|Any CPU
	EndGlobalSection
	GlobalSection(ProjectConfigurationPlatforms) = postSolution
		{59007AF3-3EBE-478A-AABA-E4B10527DCB0}.Debug|Any CPU.ActiveCfg = Debug|Any CPU
		{59007AF3-3EBE-478A-AABA-E4B10527DCB0}.Debug|Any CPU.Build.0 = Debug|Any CPU
		{59007AF3-3EBE-478A-AABA-E4B10527DCB0}.Release|Any CPU.ActiveCfg = Release|Any CPU
		{59007AF3-3EBE-478A-AABA-E4B10527DCB0}.Release|Any CPU.Build.0 = Release|Any CPU
	EndGlobalSection
	GlobalSection(SolutionProperties) = preSolution
		HideSolutionNode = FALSE
	EndGlobalSection
	GlobalSection(ExtensibilityGlobals) = postSolution
		SolutionGuid = {5165D153-9FDE-4979-BC9C-7BFAB1B80CCD}
	EndGlobalSection
EndGlobal
